github.com/codemodify/systemkit-appserver v1.9.3 h1:eLRDyKxp+0UF7jRRZG5UI0MXROeKkT90BwUDt7zC+C0=
github.com/codemodify/systemkit-appserver v1.9.3/go.mod h1:sPrHW9lLrC2Mf6QYRE5haw2SL2GOn4YZmIOX2nz9YlQ=
github.com/codemodify/systemkit-appserver-http v1.9.3 h1:Xgmb/7cVmzMX9k1IsMlORmv26hLIXVKUV9MNmQo/qzU=
github.com/codemodify/systemkit-appserver-http v1.9.3/go.mod h1:nVJ9SW6TCtLY3eIeOdcsuDHMVf2HyOPd4YnsdT312EM=
github.com/codemodify/systemkit-callstack v1.9.3 h1:fmC19t+JeH0Dp/uqtbNtJmEH2rtFDsNupjDn3B/kZ/k=
github.com/codemodify/systemkit-callstack v1.9.3/go.mod h1:eXC+7dYT497fYP0xb/Wt/BcpTooH3j/rFTYmBDfnF2I=
github.com/codemodify/systemkit-clicmdflags v1.9.3 h1:OHonAmm925QVB0Bb8rTJxrrhL4bDG3Oov2O/fJ1R+yo=
github.com/codemodify/systemkit-clicmdflags v1.9.3/go.mod h1:EjmneSz6fZIaKeH0TSIp5MUmFPlRhcWefXZwBqdbs+0=
github.com/codemodify/systemkit-crashproof v1.9.3 h1:CYDeHAfbDZIQfei3Oerq82mh5Ialgl8hjZZIoqf7IQo=
github.com/codemodify/systemkit-crashproof v1.9.3/go.mod h1:N6Zc49QL2j33Rn4+W6HNdg5tyYYd9Kyyr757ikZO4BA=
github.com/codemodify/systemkit-logging v1.9.3 h1:ZcKRdKSnQErYriY7WTMreuEyw7aoMO+9m/QRm3aM11E=
github.com/codemodify/systemkit-logging v1.9.3/go.mod h1:aTT5ZIgAiVURSNMcmXFPfnTfq+af5T+xrpf0Q5sNmNU=
github.com/codemodify/systemkit-logging-formatters-timerfc3339nano v1.9.3 h1:kXBS3BV5mWGs4AViN+TDRCn/X3p8RsbVVIzWjHO4kSE=
github.com/codemodify/systemkit-logging-formatters-timerfc3339nano v1.9.3/go.mod h1:LIJ7agKl+mm1pnqtBHaL3K2IjxBUXNI7ZbGofpG52+w=
github.com/codemodify/systemkit-logging-mixers-multi v1.9.3 h1:iHrpTcc5e1UQUobeh1Tg+oJEyVi7FRMysq7wbPxfyIE=
github.com/codemodify/systemkit-logging-mixers-multi v1.9.3/go.mod h1:lRfYIU+wwaYRsODUTafGMfOXgjAWIoFRv+fBKNYKtTk=
github.com/codemodify/systemkit-logging-persisters-console v1.9.3 h1:p4XaQ9KAEY/RcaHJAjS2bTpcdmfMCx5ToXBbwyUxCV0=
github.com/codemodify/systemkit-logging-persisters-console v1.9.3/go.mod h1:13t0CfM848iVq41qu4ugG/1JK99mrjiGzqoVMYMv6us=
github.com/codemodify/systemkit-logging-persisters-rollingfile v1.9.3 h1:kfubwBoDB8Z27HEa3t0L6g4MabUC2teif5SG3RuMpqY=
github.com/codemodify/systemkit-logging-persisters-rollingfile v1.9.3/go.mod h1:YtvDO2tcOAktjTpJDrZ5Oq/kNZY4CIlwxfGXPHr0YdA=
github.com/gorilla/mux v1.8.0 h1:i40aqfkR1h2SlN9hojwV5ZA91wcXFOvkdNIeFDP5koI=
github.com/gorilla/mux v1.8.0/go.mod h1:DVbg23sWSpFRCP0SfiEN6jmj59UnW/n46BH5rLB71So=
github.com/remoteit/systemkit-callstack v1.0.4 h1:ZTjLxj/1OqjAsZdrliofmodyf2Fp+XH4RPjtsJ4j5kY=
github.com/remoteit/systemkit-callstack v1.0.4/go.mod h1:e/Oak5ajApTt2xhcDRczSjZR1s88eg1fYBQqqr+1m4Q=
github.com/remoteit/systemkit-crashproof v1.0.7 h1:hWDL+K3uhE4DYWjzpFiQTSUYxWLcF/X/9Mb+KYHU+MI=
github.com/remoteit/systemkit-crashproof v1.0.7/go.mod h1:zDEa4Jzu6WzU90Vxp16IGwC03ffRY2rGY1y2GU67C6A=
github.com/rs/cors v1.7.0 h1:+88SsELBHx5r+hZ8TCkggzSstaWNbDvThkVK8H6f9ik=
github.com/rs/cors v1.7.0/go.mod h1:gFx+x8UowdsKA9AchylcLynDq+nNFfI8FkUZdN/jGCU=
